// !$*UTF8*$!
{
	archiveVersion = 1;
	classes = {
	};
	objectVersion = 55;
	objects = {

/* Begin PBXBuildFile section */
		FAC4F2D7289A739700438944 /* AppDelegate.swift in Sources */ = {isa = PBXBuildFile; fileRef = FAC4F2D6289A739700438944 /* AppDelegate.swift */; };
		FAC4F2D9289A739700438944 /* SceneDelegate.swift in Sources */ = {isa = PBXBuildFile; fileRef = FAC4F2D8289A739700438944 /* SceneDelegate.swift */; };
		FAC4F2DB289A739700438944 /* AppListViewController.swift in Sources */ = {isa = PBXBuildFile; fileRef = FAC4F2DA289A739700438944 /* AppListViewController.swift */; };
		FAC4F2E0289A739800438944 /* Assets.xcassets in Resources */ = {isa = PBXBuildFile; fileRef = FAC4F2DF289A739800438944 /* Assets.xcassets */; };
		FAC4F2E3289A739800438944 /* LaunchScreen.storyboard in Resources */ = {isa = PBXBuildFile; fileRef = FAC4F2E1289A739800438944 /* LaunchScreen.storyboard */; };
		FAC4F2ED289A75F700438944 /* URLFactory.swift in Sources */ = {isa = PBXBuildFile; fileRef = FAC4F2EC289A75F700438944 /* URLFactory.swift */; };
		FAC4F2F4289A782A00438944 /* AppListResponceModel.swift in Sources */ = {isa = PBXBuildFile; fileRef = FAC4F2F3289A782A00438944 /* AppListResponceModel.swift */; };
		FAC4F2F8289A7CAC00438944 /* NetworkService.swift in Sources */ = {isa = PBXBuildFile; fileRef = FAC4F2F7289A7CAC00438944 /* NetworkService.swift */; };
		FAC4F2FC289A7FF300438944 /* Colors.xcassets in Resources */ = {isa = PBXBuildFile; fileRef = FAC4F2FB289A7FF300438944 /* Colors.xcassets */; };
		FAC4F301289A888200438944 /* UIColor+Theme.swift in Sources */ = {isa = PBXBuildFile; fileRef = FAC4F300289A888200438944 /* UIColor+Theme.swift */; };
		FAC4F303289A8AA900438944 /* AppListView.swift in Sources */ = {isa = PBXBuildFile; fileRef = FAC4F302289A8AA900438944 /* AppListView.swift */; };
		FAC4F305289A8B3400438944 /* UIView+Gradient.swift in Sources */ = {isa = PBXBuildFile; fileRef = FAC4F304289A8B3400438944 /* UIView+Gradient.swift */; };
		FAC4F30B289AAB1F00438944 /* AppListViewModel.swift in Sources */ = {isa = PBXBuildFile; fileRef = FAC4F30A289AAB1F00438944 /* AppListViewModel.swift */; };
		FAC4F312289ABA0F00438944 /* AppDetailsResponceModel.swift in Sources */ = {isa = PBXBuildFile; fileRef = FAC4F311289ABA0F00438944 /* AppDetailsResponceModel.swift */; };
		FAC4F315289AC5FE00438944 /* AppDetailsViewController.swift in Sources */ = {isa = PBXBuildFile; fileRef = FAC4F314289AC5FE00438944 /* AppDetailsViewController.swift */; };
		FAC4F317289AC60800438944 /* AppDetailsView.swift in Sources */ = {isa = PBXBuildFile; fileRef = FAC4F316289AC60800438944 /* AppDetailsView.swift */; };
		FAC4F319289AC61200438944 /* AppDetailsViewModel.swift in Sources */ = {isa = PBXBuildFile; fileRef = FAC4F318289AC61200438944 /* AppDetailsViewModel.swift */; };
		FAC4F31B289ACCAC00438944 /* DetailedAppModel.swift in Sources */ = {isa = PBXBuildFile; fileRef = FAC4F31A289ACCAC00438944 /* DetailedAppModel.swift */; };
		FAC4F31D289ACE6100438944 /* CustomDateFormater.swift in Sources */ = {isa = PBXBuildFile; fileRef = FAC4F31C289ACE6100438944 /* CustomDateFormater.swift */; };
/* End PBXBuildFile section */

/* Begin PBXFileReference section */
		FAC4F2D3289A739700438944 /* QulixList.app */ = {isa = PBXFileReference; explicitFileType = wrapper.application; includeInIndex = 0; path = QulixList.app; sourceTree = BUILT_PRODUCTS_DIR; };
		FAC4F2D6289A739700438944 /* AppDelegate.swift */ = {isa = PBXFileReference; lastKnownFileType = sourcecode.swift; path = AppDelegate.swift; sourceTree = "<group>"; };
		FAC4F2D8289A739700438944 /* SceneDelegate.swift */ = {isa = PBXFileReference; lastKnownFileType = sourcecode.swift; path = SceneDelegate.swift; sourceTree = "<group>"; };
		FAC4F2DA289A739700438944 /* AppListViewController.swift */ = {isa = PBXFileReference; lastKnownFileType = sourcecode.swift; path = AppListViewController.swift; sourceTree = "<group>"; };
		FAC4F2DF289A739800438944 /* Assets.xcassets */ = {isa = PBXFileReference; lastKnownFileType = folder.assetcatalog; path = Assets.xcassets; sourceTree = "<group>"; };
		FAC4F2E2289A739800438944 /* Base */ = {isa = PBXFileReference; lastKnownFileType = file.storyboard; name = Base; path = Base.lproj/LaunchScreen.storyboard; sourceTree = "<group>"; };
		FAC4F2E4289A739800438944 /* Info.plist */ = {isa = PBXFileReference; lastKnownFileType = text.plist.xml; path = Info.plist; sourceTree = "<group>"; };
		FAC4F2EC289A75F700438944 /* URLFactory.swift */ = {isa = PBXFileReference; lastKnownFileType = sourcecode.swift; path = URLFactory.swift; sourceTree = "<group>"; };
		FAC4F2F3289A782A00438944 /* AppListResponceModel.swift */ = {isa = PBXFileReference; lastKnownFileType = sourcecode.swift; path = AppListResponceModel.swift; sourceTree = "<group>"; };
		FAC4F2F7289A7CAC00438944 /* NetworkService.swift */ = {isa = PBXFileReference; lastKnownFileType = sourcecode.swift; path = NetworkService.swift; sourceTree = "<group>"; };
		FAC4F2FB289A7FF300438944 /* Colors.xcassets */ = {isa = PBXFileReference; lastKnownFileType = folder.assetcatalog; path = Colors.xcassets; sourceTree = "<group>"; };
		FAC4F300289A888200438944 /* UIColor+Theme.swift */ = {isa = PBXFileReference; lastKnownFileType = sourcecode.swift; path = "UIColor+Theme.swift"; sourceTree = "<group>"; };
		FAC4F302289A8AA900438944 /* AppListView.swift */ = {isa = PBXFileReference; lastKnownFileType = sourcecode.swift; path = AppListView.swift; sourceTree = "<group>"; };
		FAC4F304289A8B3400438944 /* UIView+Gradient.swift */ = {isa = PBXFileReference; lastKnownFileType = sourcecode.swift; path = "UIView+Gradient.swift"; sourceTree = "<group>"; };
		FAC4F30A289AAB1F00438944 /* AppListViewModel.swift */ = {isa = PBXFileReference; lastKnownFileType = sourcecode.swift; path = AppListViewModel.swift; sourceTree = "<group>"; };
		FAC4F311289ABA0F00438944 /* AppDetailsResponceModel.swift */ = {isa = PBXFileReference; lastKnownFileType = sourcecode.swift; path = AppDetailsResponceModel.swift; sourceTree = "<group>"; };
		FAC4F314289AC5FE00438944 /* AppDetailsViewController.swift */ = {isa = PBXFileReference; lastKnownFileType = sourcecode.swift; path = AppDetailsViewController.swift; sourceTree = "<group>"; };
		FAC4F316289AC60800438944 /* AppDetailsView.swift */ = {isa = PBXFileReference; lastKnownFileType = sourcecode.swift; path = AppDetailsView.swift; sourceTree = "<group>"; };
		FAC4F318289AC61200438944 /* AppDetailsViewModel.swift */ = {isa = PBXFileReference; lastKnownFileType = sourcecode.swift; path = AppDetailsViewModel.swift; sourceTree = "<group>"; };
		FAC4F31A289ACCAC00438944 /* DetailedAppModel.swift */ = {isa = PBXFileReference; lastKnownFileType = sourcecode.swift; path = DetailedAppModel.swift; sourceTree = "<group>"; };
		FAC4F31C289ACE6100438944 /* CustomDateFormater.swift */ = {isa = PBXFileReference; lastKnownFileType = sourcecode.swift; path = CustomDateFormater.swift; sourceTree = "<group>"; };
/* End PBXFileReference section */

/* Begin PBXFrameworksBuildPhase section */
		FAC4F2D0289A739700438944 /* Frameworks */ = {
			isa = PBXFrameworksBuildPhase;
			buildActionMask = 2147483647;
			files = (
			);
			runOnlyForDeploymentPostprocessing = 0;
		};
/* End PBXFrameworksBuildPhase section */

/* Begin PBXGroup section */
		FAC4F2CA289A739700438944 = {
			isa = PBXGroup;
			children = (
				FAC4F2D5289A739700438944 /* QulixList */,
				FAC4F2D4289A739700438944 /* Products */,
			);
			sourceTree = "<group>";
		};
		FAC4F2D4289A739700438944 /* Products */ = {
			isa = PBXGroup;
			children = (
				FAC4F2D3289A739700438944 /* QulixList.app */,
			);
			name = Products;
			sourceTree = "<group>";
		};
		FAC4F2D5289A739700438944 /* QulixList */ = {
			isa = PBXGroup;
			children = (
				FAC4F2FF289A886C00438944 /* Extension */,
				FAC4F2FD289A80D700438944 /* Resourses */,
				FAC4F2EE289A773000438944 /* Core */,
				FAC4F2EB289A75EA00438944 /* Utils */,
				FAC4F2EA289A73E900438944 /* App */,
				FAC4F2E1289A739800438944 /* LaunchScreen.storyboard */,
				FAC4F2E4289A739800438944 /* Info.plist */,
			);
			path = QulixList;
			sourceTree = "<group>";
		};
		FAC4F2EA289A73E900438944 /* App */ = {
			isa = PBXGroup;
			children = (
				FAC4F2D6289A739700438944 /* AppDelegate.swift */,
				FAC4F2D8289A739700438944 /* SceneDelegate.swift */,
			);
			path = App;
			sourceTree = "<group>";
		};
		FAC4F2EB289A75EA00438944 /* Utils */ = {
			isa = PBXGroup;
			children = (
				FAC4F2EC289A75F700438944 /* URLFactory.swift */,
				FAC4F2F7289A7CAC00438944 /* NetworkService.swift */,
				FAC4F31C289ACE6100438944 /* CustomDateFormater.swift */,
			);
			path = Utils;
			sourceTree = "<group>";
		};
		FAC4F2EE289A773000438944 /* Core */ = {
			isa = PBXGroup;
			children = (
				FAC4F2EF289A773B00438944 /* AppList */,
				FAC4F313289AC37A00438944 /* AppDetails */,
				FAC4F2F2289A781300438944 /* Models */,
			);
			path = Core;
			sourceTree = "<group>";
		};
		FAC4F2EF289A773B00438944 /* AppList */ = {
			isa = PBXGroup;
			children = (
				FAC4F2DA289A739700438944 /* AppListViewController.swift */,
				FAC4F302289A8AA900438944 /* AppListView.swift */,
				FAC4F30A289AAB1F00438944 /* AppListViewModel.swift */,
			);
			path = AppList;
			sourceTree = "<group>";
		};
		FAC4F2F2289A781300438944 /* Models */ = {
			isa = PBXGroup;
			children = (
				FAC4F2F3289A782A00438944 /* AppListResponceModel.swift */,
				FAC4F311289ABA0F00438944 /* AppDetailsResponceModel.swift */,
				FAC4F31A289ACCAC00438944 /* DetailedAppModel.swift */,
			);
			path = Models;
			sourceTree = "<group>";
		};
		FAC4F2FD289A80D700438944 /* Resourses */ = {
			isa = PBXGroup;
			children = (
				FAC4F2DF289A739800438944 /* Assets.xcassets */,
				FAC4F2FB289A7FF300438944 /* Colors.xcassets */,
			);
			path = Resourses;
			sourceTree = "<group>";
		};
		FAC4F2FF289A886C00438944 /* Extension */ = {
			isa = PBXGroup;
			children = (
				FAC4F300289A888200438944 /* UIColor+Theme.swift */,
				FAC4F304289A8B3400438944 /* UIView+Gradient.swift */,
			);
			path = Extension;
			sourceTree = "<group>";
		};
		FAC4F313289AC37A00438944 /* AppDetails */ = {
			isa = PBXGroup;
			children = (
				FAC4F314289AC5FE00438944 /* AppDetailsViewController.swift */,
				FAC4F316289AC60800438944 /* AppDetailsView.swift */,
				FAC4F318289AC61200438944 /* AppDetailsViewModel.swift */,
			);
			path = AppDetails;
			sourceTree = "<group>";
		};
/* End PBXGroup section */

/* Begin PBXNativeTarget section */
		FAC4F2D2289A739700438944 /* QulixList */ = {
			isa = PBXNativeTarget;
			buildConfigurationList = FAC4F2E7289A739800438944 /* Build configuration list for PBXNativeTarget "QulixList" */;
			buildPhases = (
				FAC4F2CF289A739700438944 /* Sources */,
				FAC4F2D0289A739700438944 /* Frameworks */,
				FAC4F2D1289A739700438944 /* Resources */,
			);
			buildRules = (
			);
			dependencies = (
			);
			name = QulixList;
			productName = QulixList;
			productReference = FAC4F2D3289A739700438944 /* QulixList.app */;
			productType = "com.apple.product-type.application";
		};
/* End PBXNativeTarget section */

/* Begin PBXProject section */
		FAC4F2CB289A739700438944 /* Project object */ = {
			isa = PBXProject;
			attributes = {
				BuildIndependentTargetsInParallel = 1;
				LastSwiftUpdateCheck = 1340;
				LastUpgradeCheck = 1340;
				TargetAttributes = {
					FAC4F2D2289A739700438944 = {
						CreatedOnToolsVersion = 13.4.1;
					};
				};
			};
			buildConfigurationList = FAC4F2CE289A739700438944 /* Build configuration list for PBXProject "QulixList" */;
			compatibilityVersion = "Xcode 13.0";
			developmentRegion = en;
			hasScannedForEncodings = 0;
			knownRegions = (
				en,
				Base,
			);
			mainGroup = FAC4F2CA289A739700438944;
			productRefGroup = FAC4F2D4289A739700438944 /* Products */;
			projectDirPath = "";
			projectRoot = "";
			targets = (
				FAC4F2D2289A739700438944 /* QulixList */,
			);
		};
/* End PBXProject section */

/* Begin PBXResourcesBuildPhase section */
		FAC4F2D1289A739700438944 /* Resources */ = {
			isa = PBXResourcesBuildPhase;
			buildActionMask = 2147483647;
			files = (
				FAC4F2FC289A7FF300438944 /* Colors.xcassets in Resources */,
				FAC4F2E3289A739800438944 /* LaunchScreen.storyboard in Resources */,
				FAC4F2E0289A739800438944 /* Assets.xcassets in Resources */,
			);
			runOnlyForDeploymentPostprocessing = 0;
		};
/* End PBXResourcesBuildPhase section */

/* Begin PBXSourcesBuildPhase section */
		FAC4F2CF289A739700438944 /* Sources */ = {
			isa = PBXSourcesBuildPhase;
			buildActionMask = 2147483647;
			files = (
				FAC4F2DB289A739700438944 /* AppListViewController.swift in Sources */,
				FAC4F31D289ACE6100438944 /* CustomDateFormater.swift in Sources */,
				FAC4F305289A8B3400438944 /* UIView+Gradient.swift in Sources */,
				FAC4F2D7289A739700438944 /* AppDelegate.swift in Sources */,
				FAC4F31B289ACCAC00438944 /* DetailedAppModel.swift in Sources */,
				FAC4F2ED289A75F700438944 /* URLFactory.swift in Sources */,
				FAC4F312289ABA0F00438944 /* AppDetailsResponceModel.swift in Sources */,
				FAC4F317289AC60800438944 /* AppDetailsView.swift in Sources */,
				FAC4F2F4289A782A00438944 /* AppListResponceModel.swift in Sources */,
				FAC4F319289AC61200438944 /* AppDetailsViewModel.swift in Sources */,
				FAC4F303289A8AA900438944 /* AppListView.swift in Sources */,
				FAC4F2F8289A7CAC00438944 /* NetworkService.swift in Sources */,
				FAC4F301289A888200438944 /* UIColor+Theme.swift in Sources */,
				FAC4F2D9289A739700438944 /* SceneDelegate.swift in Sources */,
				FAC4F30B289AAB1F00438944 /* AppListViewModel.swift in Sources */,
				FAC4F315289AC5FE00438944 /* AppDetailsViewController.swift in Sources */,
			);
			runOnlyForDeploymentPostprocessing = 0;
		};
/* End PBXSourcesBuildPhase section */

/* Begin PBXVariantGroup section */
		FAC4F2E1289A739800438944 /* LaunchScreen.storyboard */ = {
			isa = PBXVariantGroup;
			children = (
				FAC4F2E2289A739800438944 /* Base */,
			);
			name = LaunchScreen.storyboard;
			sourceTree = "<group>";
		};
/* End PBXVariantGroup section */

/* Begin XCBuildConfiguration section */
		FAC4F2E5289A739800438944 /* Debug */ = {
			isa = XCBuildConfiguration;
			buildSettings = {
				ALWAYS_SEARCH_USER_PATHS = NO;
				CLANG_ANALYZER_NONNULL = YES;
				CLANG_ANALYZER_NUMBER_OBJECT_CONVERSION = YES_AGGRESSIVE;
				CLANG_CXX_LANGUAGE_STANDARD = "gnu++17";
				CLANG_ENABLE_MODULES = YES;
				CLANG_ENABLE_OBJC_ARC = YES;
				CLANG_ENABLE_OBJC_WEAK = YES;
				CLANG_WARN_BLOCK_CAPTURE_AUTORELEASING = YES;
				CLANG_WARN_BOOL_CONVERSION = YES;
				CLANG_WARN_COMMA = YES;
				CLANG_WARN_CONSTANT_CONVERSION = YES;
				CLANG_WARN_DEPRECATED_OBJC_IMPLEMENTATIONS = YES;
				CLANG_WARN_DIRECT_OBJC_ISA_USAGE = YES_ERROR;
				CLANG_WARN_DOCUMENTATION_COMMENTS = YES;
				CLANG_WARN_EMPTY_BODY = YES;
				CLANG_WARN_ENUM_CONVERSION = YES;
				CLANG_WARN_INFINITE_RECURSION = YES;
				CLANG_WARN_INT_CONVERSION = YES;
				CLANG_WARN_NON_LITERAL_NULL_CONVERSION = YES;
				CLANG_WARN_OBJC_IMPLICIT_RETAIN_SELF = YES;
				CLANG_WARN_OBJC_LITERAL_CONVERSION = YES;
				CLANG_WARN_OBJC_ROOT_CLASS = YES_ERROR;
				CLANG_WARN_QUOTED_INCLUDE_IN_FRAMEWORK_HEADER = YES;
				CLANG_WARN_RANGE_LOOP_ANALYSIS = YES;
				CLANG_WARN_STRICT_PROTOTYPES = YES;
				CLANG_WARN_SUSPICIOUS_MOVE = YES;
				CLANG_WARN_UNGUARDED_AVAILABILITY = YES_AGGRESSIVE;
				CLANG_WARN_UNREACHABLE_CODE = YES;
				CLANG_WARN__DUPLICATE_METHOD_MATCH = YES;
				COPY_PHASE_STRIP = NO;
				DEBUG_INFORMATION_FORMAT = dwarf;
				ENABLE_STRICT_OBJC_MSGSEND = YES;
				ENABLE_TESTABILITY = YES;
				GCC_C_LANGUAGE_STANDARD = gnu11;
				GCC_DYNAMIC_NO_PIC = NO;
				GCC_NO_COMMON_BLOCKS = YES;
				GCC_OPTIMIZATION_LEVEL = 0;
				GCC_PREPROCESSOR_DEFINITIONS = (
					"DEBUG=1",
					"$(inherited)",
				);
				GCC_WARN_64_TO_32_BIT_CONVERSION = YES;
				GCC_WARN_ABOUT_RETURN_TYPE = YES_ERROR;
				GCC_WARN_UNDECLARED_SELECTOR = YES;
				GCC_WARN_UNINITIALIZED_AUTOS = YES_AGGRESSIVE;
				GCC_WARN_UNUSED_FUNCTION = YES;
				GCC_WARN_UNUSED_VARIABLE = YES;
				IPHONEOS_DEPLOYMENT_TARGET = 13.0;
				MTL_ENABLE_DEBUG_INFO = INCLUDE_SOURCE;
				MTL_FAST_MATH = YES;
				ONLY_ACTIVE_ARCH = YES;
				SDKROOT = iphoneos;
				SWIFT_ACTIVE_COMPILATION_CONDITIONS = DEBUG;
				SWIFT_OPTIMIZATION_LEVEL = "-Onone";
			};
			name = Debug;
		};
		FAC4F2E6289A739800438944 /* Release */ = {
			isa = XCBuildConfiguration;
			buildSettings = {
				ALWAYS_SEARCH_USER_PATHS = NO;
				CLANG_ANALYZER_NONNULL = YES;
				CLANG_ANALYZER_NUMBER_OBJECT_CONVERSION = YES_AGGRESSIVE;
				CLANG_CXX_LANGUAGE_STANDARD = "gnu++17";
				CLANG_ENABLE_MODULES = YES;
				CLANG_ENABLE_OBJC_ARC = YES;
				CLANG_ENABLE_OBJC_WEAK = YES;
				CLANG_WARN_BLOCK_CAPTURE_AUTORELEASING = YES;
				CLANG_WARN_BOOL_CONVERSION = YES;
				CLANG_WARN_COMMA = YES;
				CLANG_WARN_CONSTANT_CONVERSION = YES;
				CLANG_WARN_DEPRECATED_OBJC_IMPLEMENTATIONS = YES;
				CLANG_WARN_DIRECT_OBJC_ISA_USAGE = YES_ERROR;
				CLANG_WARN_DOCUMENTATION_COMMENTS = YES;
				CLANG_WARN_EMPTY_BODY = YES;
				CLANG_WARN_ENUM_CONVERSION = YES;
				CLANG_WARN_INFINITE_RECURSION = YES;
				CLANG_WARN_INT_CONVERSION = YES;
				CLANG_WARN_NON_LITERAL_NULL_CONVERSION = YES;
				CLANG_WARN_OBJC_IMPLICIT_RETAIN_SELF = YES;
				CLANG_WARN_OBJC_LITERAL_CONVERSION = YES;
				CLANG_WARN_OBJC_ROOT_CLASS = YES_ERROR;
				CLANG_WARN_QUOTED_INCLUDE_IN_FRAMEWORK_HEADER = YES;
				CLANG_WARN_RANGE_LOOP_ANALYSIS = YES;
				CLANG_WARN_STRICT_PROTOTYPES = YES;
				CLANG_WARN_SUSPICIOUS_MOVE = YES;
				CLANG_WARN_UNGUARDED_AVAILABILITY = YES_AGGRESSIVE;
				CLANG_WARN_UNREACHABLE_CODE = YES;
				CLANG_WARN__DUPLICATE_METHOD_MATCH = YES;
				COPY_PHASE_STRIP = NO;
				DEBUG_INFORMATION_FORMAT = "dwarf-with-dsym";
				ENABLE_NS_ASSERTIONS = NO;
				ENABLE_STRICT_OBJC_MSGSEND = YES;
				GCC_C_LANGUAGE_STANDARD = gnu11;
				GCC_NO_COMMON_BLOCKS = YES;
				GCC_WARN_64_TO_32_BIT_CONVERSION = YES;
				GCC_WARN_ABOUT_RETURN_TYPE = YES_ERROR;
				GCC_WARN_UNDECLARED_SELECTOR = YES;
				GCC_WARN_UNINITIALIZED_AUTOS = YES_AGGRESSIVE;
				GCC_WARN_UNUSED_FUNCTION = YES;
				GCC_WARN_UNUSED_VARIABLE = YES;
				IPHONEOS_DEPLOYMENT_TARGET = 13.0;
				MTL_ENABLE_DEBUG_INFO = NO;
				MTL_FAST_MATH = YES;
				SDKROOT = iphoneos;
				SWIFT_COMPILATION_MODE = wholemodule;
				SWIFT_OPTIMIZATION_LEVEL = "-O";
				VALIDATE_PRODUCT = YES;
			};
			name = Release;
		};
		FAC4F2E8289A739800438944 /* Debug */ = {
			isa = XCBuildConfiguration;
			buildSettings = {
				ASSETCATALOG_COMPILER_APPICON_NAME = AppIcon;
				ASSETCATALOG_COMPILER_GLOBAL_ACCENT_COLOR_NAME = AccentColor;
				CODE_SIGN_STYLE = Automatic;
				CURRENT_PROJECT_VERSION = 1;
				DEVELOPMENT_TEAM = QN9H6D325T;
				GENERATE_INFOPLIST_FILE = YES;
				INFOPLIST_FILE = QulixList/Info.plist;
				INFOPLIST_KEY_UIApplicationSupportsIndirectInputEvents = YES;
				INFOPLIST_KEY_UILaunchStoryboardName = LaunchScreen;
				INFOPLIST_KEY_UISupportedInterfaceOrientations = UIInterfaceOrientationPortrait;
				INFOPLIST_KEY_UISupportedInterfaceOrientations_iPad = "UIInterfaceOrientationPortrait UIInterfaceOrientationPortraitUpsideDown UIInterfaceOrientationLandscapeLeft UIInterfaceOrientationLandscapeRight";
				INFOPLIST_KEY_UISupportedInterfaceOrientations_iPhone = "UIInterfaceOrientationPortrait UIInterfaceOrientationLandscapeLeft UIInterfaceOrientationLandscapeRight";
				LD_RUNPATH_SEARCH_PATHS = (
					"$(inherited)",
					"@executable_path/Frameworks",
				);
				MARKETING_VERSION = 1.0;
				PRODUCT_BUNDLE_IDENTIFIER = com.alexeykoleda.QulixList;
				PRODUCT_NAME = "$(TARGET_NAME)";
				SWIFT_EMIT_LOC_STRINGS = YES;
				SWIFT_VERSION = 5.0;
				TARGETED_DEVICE_FAMILY = "1,2";
			};
			name = Debug;
		};
		FAC4F2E9289A739800438944 /* Release */ = {
			isa = XCBuildConfiguration;
			buildSettings = {
				ASSETCATALOG_COMPILER_APPICON_NAME = AppIcon;
				ASSETCATALOG_COMPILER_GLOBAL_ACCENT_COLOR_NAME = AccentColor;
				CODE_SIGN_STYLE = Automatic;
				CURRENT_PROJECT_VERSION = 1;
				DEVELOPMENT_TEAM = QN9H6D325T;
				GENERATE_INFOPLIST_FILE = YES;
				INFOPLIST_FILE = QulixList/Info.plist;
				INFOPLIST_KEY_UIApplicationSupportsIndirectInputEvents = YES;
				INFOPLIST_KEY_UILaunchStoryboardName = LaunchScreen;
				INFOPLIST_KEY_UISupportedInterfaceOrientations = UIInterfaceOrientationPortrait;
				INFOPLIST_KEY_UISupportedInterfaceOrientations_iPad = "UIInterfaceOrientationPortrait UIInterfaceOrientationPortraitUpsideDown UIInterfaceOrientationLandscapeLeft UIInterfaceOrientationLandscapeRight";
				INFOPLIST_KEY_UISupportedInterfaceOrientations_iPhone = "UIInterfaceOrientationPortrait UIInterfaceOrientationLandscapeLeft UIInterfaceOrientationLandscapeRight";
				LD_RUNPATH_SEARCH_PATHS = (
					"$(inherited)",
					"@executable_path/Frameworks",
				);
				MARKETING_VERSION = 1.0;
				PRODUCT_BUNDLE_IDENTIFIER = com.alexeykoleda.QulixList;
				PRODUCT_NAME = "$(TARGET_NAME)";
				SWIFT_EMIT_LOC_STRINGS = YES;
				SWIFT_VERSION = 5.0;
				TARGETED_DEVICE_FAMILY = "1,2";
			};
			name = Release;
		};
/* End XCBuildConfiguration section */

/* Begin XCConfigurationList section */
		FAC4F2CE289A739700438944 /* Build configuration list for PBXProject "QulixList" */ = {
			isa = XCConfigurationList;
			buildConfigurations = (
				FAC4F2E5289A739800438944 /* Debug */,
				FAC4F2E6289A739800438944 /* Release */,
			);
			defaultConfigurationIsVisible = 0;
			defaultConfigurationName = Release;
		};
		FAC4F2E7289A739800438944 /* Build configuration list for PBXNativeTarget "QulixList" */ = {
			isa = XCConfigurationList;
			buildConfigurations = (
				FAC4F2E8289A739800438944 /* Debug */,
				FAC4F2E9289A739800438944 /* Release */,
			);
			defaultConfigurationIsVisible = 0;
			defaultConfigurationName = Release;
		};
/* End XCConfigurationList section */
	};
	rootObject = FAC4F2CB289A739700438944 /* Project object */;
}
